
Microsoft Visual Studio Solution File, Format Version 12.00
# Visual Studio Version 17
VisualStudioVersion = 17.2.32602.215
MinimumVisualStudioVersion = 10.0.40219.1
Project("{9A19103F-16F7-4668-BE54-9A1E7A4F7556}") = "SourceLink.Demo.Library", "SourceLink.Demo.Library\SourceLink.Demo.Library.csproj", "{080129F9-EBDE-48AC-B6B3-00D4F6B33029}"
EndProject
Project("{2150E333-8FDC-42A3-9474-1A3956D46DE8}") = "Solution Items", "Solution Items", "{2DD2142A-8B91-4DE7-AD8A-1093E291E9C8}"
	ProjectSection(SolutionItems) = preProject
		.editorconfig = .editorconfig
		.gitignore = .gitignore
		README.md = README.md
	EndProjectSection
EndProject
Project("{2150E333-8FDC-42A3-9474-1A3956D46DE8}") = "Github workflows", "Github workflows", "{E4078B62-B6BF-4044-A8D4-79F420C8188E}"
EndProject
Global
	GlobalSection(SolutionConfigurationPlatforms) = preSolution
		Debug|Any CPU = Debug|Any CPU
		Release|Any CPU = Release|Any CPU
	EndGlobalSection
	GlobalSection(ProjectConfigurationPlatforms) = postSolution
		{080129F9-EBDE-48AC-B6B3-00D4F6B33029}.Debug|Any CPU.ActiveCfg = Debug|Any CPU
		{080129F9-EBDE-48AC-B6B3-00D4F6B33029}.Debug|Any CPU.Build.0 = Debug|Any CPU
		{080129F9-EBDE-48AC-B6B3-00D4F6B33029}.Release|Any CPU.ActiveCfg = Release|Any CPU
		{080129F9-EBDE-48AC-B6B3-00D4F6B33029}.Release|Any CPU.Build.0 = Release|Any CPU
	EndGlobalSection
	GlobalSection(SolutionProperties) = preSolution
		HideSolutionNode = FALSE
	EndGlobalSection
	GlobalSection(NestedProjects) = preSolution
		{E4078B62-B6BF-4044-A8D4-79F420C8188E} = {2DD2142A-8B91-4DE7-AD8A-1093E291E9C8}
	EndGlobalSection
	GlobalSection(ExtensibilityGlobals) = postSolution
		SolutionGuid = {F44EB19C-74FB-472D-8953-EF01A2D83285}
	EndGlobalSection
EndGlobal
